
Microsoft Visual Studio Solution File, Format Version 12.00
# Visual Studio 14
VisualStudioVersion = 14.0.25123.0
MinimumVisualStudioVersion = 10.0.40219.1
Project("{FAE04EC0-301F-11D3-BF4B-00C04F79EFBC}") = "AsanaNetSpecs", "AsanaNetSpecs\AsanaNetSpecs.csproj", "{D4985592-131A-4B4E-AFC2-9AF29FC72A96}"
EndProject
Project("{FAE04EC0-301F-11D3-BF4B-00C04F79EFBC}") = "RoiCode.AsanaDotNet", "RoiCode.AsanaDotNet\RoiCode.AsanaDotNet.csproj", "{182A9DA0-CA59-42A9-8D2D-BC20DCE0DB08}"
EndProject
Global
	GlobalSection(SolutionConfigurationPlatforms) = preSolution
		Debug|Any CPU = Debug|Any CPU
		Debug|Mixed Platforms = Debug|Mixed Platforms
		Debug|x86 = Debug|x86
		Release|Any CPU = Release|Any CPU
		Release|Mixed Platforms = Release|Mixed Platforms
		Release|x86 = Release|x86
	EndGlobalSection
	GlobalSection(ProjectConfigurationPlatforms) = postSolution
		{D4985592-131A-4B4E-AFC2-9AF29FC72A96}.Debug|Any CPU.ActiveCfg = Debug|Any CPU
		{D4985592-131A-4B4E-AFC2-9AF29FC72A96}.Debug|Any CPU.Build.0 = Debug|Any CPU
		{D4985592-131A-4B4E-AFC2-9AF29FC72A96}.Debug|Mixed Platforms.ActiveCfg = Debug|Any CPU
		{D4985592-131A-4B4E-AFC2-9AF29FC72A96}.Debug|Mixed Platforms.Build.0 = Debug|Any CPU
		{D4985592-131A-4B4E-AFC2-9AF29FC72A96}.Debug|x86.ActiveCfg = Debug|Any CPU
		{D4985592-131A-4B4E-AFC2-9AF29FC72A96}.Debug|x86.Build.0 = Debug|Any CPU
		{D4985592-131A-4B4E-AFC2-9AF29FC72A96}.Release|Any CPU.ActiveCfg = Release|Any CPU
		{D4985592-131A-4B4E-AFC2-9AF29FC72A96}.Release|Any CPU.Build.0 = Release|Any CPU
		{D4985592-131A-4B4E-AFC2-9AF29FC72A96}.Release|Mixed Platforms.ActiveCfg = Release|Any CPU
		{D4985592-131A-4B4E-AFC2-9AF29FC72A96}.Release|Mixed Platforms.Build.0 = Release|Any CPU
		{D4985592-131A-4B4E-AFC2-9AF29FC72A96}.Release|x86.ActiveCfg = Release|Any CPU
		{D4985592-131A-4B4E-AFC2-9AF29FC72A96}.Release|x86.Build.0 = Release|Any CPU
		{182A9DA0-CA59-42A9-8D2D-BC20DCE0DB08}.Debug|Any CPU.ActiveCfg = Debug|Any CPU
		{182A9DA0-CA59-42A9-8D2D-BC20DCE0DB08}.Debug|Any CPU.Build.0 = Debug|Any CPU
		{182A9DA0-CA59-42A9-8D2D-BC20DCE0DB08}.Debug|Mixed Platforms.ActiveCfg = Debug|Any CPU
		{182A9DA0-CA59-42A9-8D2D-BC20DCE0DB08}.Debug|Mixed Platforms.Build.0 = Debug|Any CPU
		{182A9DA0-CA59-42A9-8D2D-BC20DCE0DB08}.Debug|x86.ActiveCfg = Debug|Any CPU
		{182A9DA0-CA59-42A9-8D2D-BC20DCE0DB08}.Debug|x86.Build.0 = Debug|Any CPU
		{182A9DA0-CA59-42A9-8D2D-BC20DCE0DB08}.Release|Any CPU.ActiveCfg = Release|Any CPU
		{182A9DA0-CA59-42A9-8D2D-BC20DCE0DB08}.Release|Any CPU.Build.0 = Release|Any CPU
		{182A9DA0-CA59-42A9-8D2D-BC20DCE0DB08}.Release|Mixed Platforms.ActiveCfg = Release|Any CPU
		{182A9DA0-CA59-42A9-8D2D-BC20DCE0DB08}.Release|Mixed Platforms.Build.0 = Release|Any CPU
		{182A9DA0-CA59-42A9-8D2D-BC20DCE0DB08}.Release|x86.ActiveCfg = Release|Any CPU
		{182A9DA0-CA59-42A9-8D2D-BC20DCE0DB08}.Release|x86.Build.0 = Release|Any CPU
	EndGlobalSection
	GlobalSection(SolutionProperties) = preSolution
		HideSolutionNode = FALSE
	EndGlobalSection
EndGlobal
